
Microsoft Visual Studio Solution File, Format Version 12.00
# Visual Studio 15
VisualStudioVersion = 15.0.28307.757
MinimumVisualStudioVersion = 10.0.40219.1
Project("{D954291E-2A0B-460D-934E-DC6B0785DB48}") = "Couchbase.Lite.Shared", "..\src\Couchbase.Lite.Shared\Couchbase.Lite.Shared.shproj", "{9B92B9D6-5DD3-477A-883B-1B40D5DEEF3B}"
EndProject
Project("{D954291E-2A0B-460D-934E-DC6B0785DB48}") = "Couchbase.Lite.Tests.Shared", "..\src\Couchbase.Lite.Tests.Shared\Couchbase.Lite.Tests.Shared.shproj", "{11F38891-8397-49B4-9146-6DAF0A9D7866}"
EndProject
Project("{D954291E-2A0B-460D-934E-DC6B0785DB48}") = "LiteCore.Shared", "..\src\LiteCore\src\LiteCore.Shared\LiteCore.Shared.shproj", "{C37DC024-8762-4BE4-9034-B2B5970C652C}"
EndProject
Project("{D954291E-2A0B-460D-934E-DC6B0785DB48}") = "LiteCore.Tests.Shared", "..\src\LiteCore\test\LiteCore.Tests.Shared\LiteCore.Tests.Shared.shproj", "{6EC40F09-4C86-4F51-9F0E-C4397601A567}"
EndProject
Project("{9A19103F-16F7-4668-BE54-9A1E7A4F7556}") = "Couchbase.Lite.Validation.NetCore", "Couchbase.Lite.Validation.NetCore\Couchbase.Lite.Validation.NetCore.csproj", "{4F190F30-AD02-4B74-9C44-08BA5410A3CB}"
EndProject
Project("{FAE04EC0-301F-11D3-BF4B-00C04F79EFBC}") = "Couchbase.Lite.Validation.UWP", "Couchbase.Lite.Validation.UWP\Couchbase.Lite.Validation.UWP.csproj", "{7917C00D-FA58-4C45-8D8F-671DD2F6D9DB}"
EndProject
Project("{FAE04EC0-301F-11D3-BF4B-00C04F79EFBC}") = "Couchbase.Lite.Validation.Android", "Couchbase.Lite.Validation.Android\Couchbase.Lite.Validation.Android.csproj", "{3BC0AC7E-3B3B-4D3F-9CC0-B2BDECC460A6}"
EndProject
Project("{FAE04EC0-301F-11D3-BF4B-00C04F79EFBC}") = "Couchbase.Lite.Validation.iOS", "Couchbase.Lite.Validation.iOS\Couchbase.Lite.Validation.iOS.csproj", "{101E3060-8799-4119-8A7A-4F86A01C0C84}"
EndProject
Global
	GlobalSection(SharedMSBuildProjectFiles) = preSolution
		..\src\Couchbase.Lite.Shared\Couchbase.Lite.Shared.projitems*{101e3060-8799-4119-8a7a-4f86a01c0c84}*SharedItemsImports = 4
		..\src\Couchbase.Lite.Tests.Shared\Couchbase.Lite.Tests.Shared.projitems*{101e3060-8799-4119-8a7a-4f86a01c0c84}*SharedItemsImports = 4
		..\src\LiteCore\src\LiteCore.Shared\LiteCore.Shared.projitems*{101e3060-8799-4119-8a7a-4f86a01c0c84}*SharedItemsImports = 4
		..\src\LiteCore\test\LiteCore.Tests.Shared\LiteCore.Tests.Shared.projitems*{101e3060-8799-4119-8a7a-4f86a01c0c84}*SharedItemsImports = 4
		..\src\Couchbase.Lite.Tests.Shared\Couchbase.Lite.Tests.Shared.projitems*{11f38891-8397-49b4-9146-6daf0a9d7866}*SharedItemsImports = 13
		..\src\Couchbase.Lite.Shared\Couchbase.Lite.Shared.projitems*{3bc0ac7e-3b3b-4d3f-9cc0-b2bdecc460a6}*SharedItemsImports = 4
		..\src\Couchbase.Lite.Tests.Shared\Couchbase.Lite.Tests.Shared.projitems*{3bc0ac7e-3b3b-4d3f-9cc0-b2bdecc460a6}*SharedItemsImports = 4
		..\src\LiteCore\src\LiteCore.Shared\LiteCore.Shared.projitems*{3bc0ac7e-3b3b-4d3f-9cc0-b2bdecc460a6}*SharedItemsImports = 4
		..\src\LiteCore\test\LiteCore.Tests.Shared\LiteCore.Tests.Shared.projitems*{3bc0ac7e-3b3b-4d3f-9cc0-b2bdecc460a6}*SharedItemsImports = 4
		..\src\LiteCore\test\LiteCore.Tests.Shared\LiteCore.Tests.Shared.projitems*{6ec40f09-4c86-4f51-9f0e-c4397601a567}*SharedItemsImports = 13
		..\src\Couchbase.Lite.Shared\Couchbase.Lite.Shared.projitems*{7917c00d-fa58-4c45-8d8f-671dd2f6d9db}*SharedItemsImports = 4
		..\src\Couchbase.Lite.Tests.Shared\Couchbase.Lite.Tests.Shared.projitems*{7917c00d-fa58-4c45-8d8f-671dd2f6d9db}*SharedItemsImports = 4
		..\src\LiteCore\src\LiteCore.Shared\LiteCore.Shared.projitems*{7917c00d-fa58-4c45-8d8f-671dd2f6d9db}*SharedItemsImports = 4
		..\src\LiteCore\test\LiteCore.Tests.Shared\LiteCore.Tests.Shared.projitems*{7917c00d-fa58-4c45-8d8f-671dd2f6d9db}*SharedItemsImports = 4
		..\src\Couchbase.Lite.Shared\Couchbase.Lite.Shared.projitems*{9b92b9d6-5dd3-477a-883b-1b40d5deef3b}*SharedItemsImports = 13
		..\src\LiteCore\src\LiteCore.Shared\LiteCore.Shared.projitems*{c37dc024-8762-4be4-9034-b2b5970c652c}*SharedItemsImports = 13
	EndGlobalSection
	GlobalSection(SolutionConfigurationPlatforms) = preSolution
		Debug|Any CPU = Debug|Any CPU
		Debug|ARM = Debug|ARM
		Debug|ARM64 = Debug|ARM64
		Debug|iPhone = Debug|iPhone
		Debug|iPhoneSimulator = Debug|iPhoneSimulator
		Debug|x64 = Debug|x64
		Debug|x86 = Debug|x86
		Packaging|Any CPU = Packaging|Any CPU
		Packaging|ARM = Packaging|ARM
		Packaging|ARM64 = Packaging|ARM64
		Packaging|iPhone = Packaging|iPhone
		Packaging|iPhoneSimulator = Packaging|iPhoneSimulator
		Packaging|x64 = Packaging|x64
		Packaging|x86 = Packaging|x86
		PackagingDebug|Any CPU = PackagingDebug|Any CPU
		PackagingDebug|ARM = PackagingDebug|ARM
		PackagingDebug|ARM64 = PackagingDebug|ARM64
		PackagingDebug|iPhone = PackagingDebug|iPhone
		PackagingDebug|iPhoneSimulator = PackagingDebug|iPhoneSimulator
		PackagingDebug|x64 = PackagingDebug|x64
		PackagingDebug|x86 = PackagingDebug|x86
		Release|Any CPU = Release|Any CPU
		Release|ARM = Release|ARM
		Release|ARM64 = Release|ARM64
		Release|iPhone = Release|iPhone
		Release|iPhoneSimulator = Release|iPhoneSimulator
		Release|x64 = Release|x64
		Release|x86 = Release|x86
	EndGlobalSection
	GlobalSection(ProjectConfigurationPlatforms) = postSolution
		{4F190F30-AD02-4B74-9C44-08BA5410A3CB}.Debug|Any CPU.ActiveCfg = Debug|Any CPU
		{4F190F30-AD02-4B74-9C44-08BA5410A3CB}.Debug|Any CPU.Build.0 = Debug|Any CPU
		{4F190F30-AD02-4B74-9C44-08BA5410A3CB}.Debug|ARM.ActiveCfg = Debug|Any CPU
		{4F190F30-AD02-4B74-9C44-08BA5410A3CB}.Debug|ARM.Build.0 = Debug|Any CPU
		{4F190F30-AD02-4B74-9C44-08BA5410A3CB}.Debug|ARM64.ActiveCfg = Debug|Any CPU
		{4F190F30-AD02-4B74-9C44-08BA5410A3CB}.Debug|ARM64.Build.0 = Debug|Any CPU
		{4F190F30-AD02-4B74-9C44-08BA5410A3CB}.Debug|iPhone.ActiveCfg = Debug|Any CPU
		{4F190F30-AD02-4B74-9C44-08BA5410A3CB}.Debug|iPhone.Build.0 = Debug|Any CPU
		{4F190F30-AD02-4B74-9C44-08BA5410A3CB}.Debug|iPhoneSimulator.ActiveCfg = Debug|Any CPU
		{4F190F30-AD02-4B74-9C44-08BA5410A3CB}.Debug|iPhoneSimulator.Build.0 = Debug|Any CPU
		{4F190F30-AD02-4B74-9C44-08BA5410A3CB}.Debug|x64.ActiveCfg = Debug|Any CPU
		{4F190F30-AD02-4B74-9C44-08BA5410A3CB}.Debug|x64.Build.0 = Debug|Any CPU
		{4F190F30-AD02-4B74-9C44-08BA5410A3CB}.Debug|x86.ActiveCfg = Debug|Any CPU
		{4F190F30-AD02-4B74-9C44-08BA5410A3CB}.Debug|x86.Build.0 = Debug|Any CPU
		{4F190F30-AD02-4B74-9C44-08BA5410A3CB}.Packaging|Any CPU.ActiveCfg = Debug|Any CPU
		{4F190F30-AD02-4B74-9C44-08BA5410A3CB}.Packaging|Any CPU.Build.0 = Debug|Any CPU
		{4F190F30-AD02-4B74-9C44-08BA5410A3CB}.Packaging|ARM.ActiveCfg = Release|Any CPU
		{4F190F30-AD02-4B74-9C44-08BA5410A3CB}.Packaging|ARM.Build.0 = Release|Any CPU
		{4F190F30-AD02-4B74-9C44-08BA5410A3CB}.Packaging|ARM64.ActiveCfg = Release|Any CPU
		{4F190F30-AD02-4B74-9C44-08BA5410A3CB}.Packaging|ARM64.Build.0 = Release|Any CPU
		{4F190F30-AD02-4B74-9C44-08BA5410A3CB}.Packaging|iPhone.ActiveCfg = Release|Any CPU
		{4F190F30-AD02-4B74-9C44-08BA5410A3CB}.Packaging|iPhone.Build.0 = Release|Any CPU
		{4F190F30-AD02-4B74-9C44-08BA5410A3CB}.Packaging|iPhoneSimulator.ActiveCfg = Release|Any CPU
		{4F190F30-AD02-4B74-9C44-08BA5410A3CB}.Packaging|iPhoneSimulator.Build.0 = Release|Any CPU
		{4F190F30-AD02-4B74-9C44-08BA5410A3CB}.Packaging|x64.ActiveCfg = Release|Any CPU
		{4F190F30-AD02-4B74-9C44-08BA5410A3CB}.Packaging|x64.Build.0 = Release|Any CPU
		{4F190F30-AD02-4B74-9C44-08BA5410A3CB}.Packaging|x86.ActiveCfg = Release|Any CPU
		{4F190F30-AD02-4B74-9C44-08BA5410A3CB}.Packaging|x86.Build.0 = Release|Any CPU
		{4F190F30-AD02-4B74-9C44-08BA5410A3CB}.PackagingDebug|Any CPU.ActiveCfg = Debug|Any CPU
		{4F190F30-AD02-4B74-9C44-08BA5410A3CB}.PackagingDebug|Any CPU.Build.0 = Debug|Any CPU
		{4F190F30-AD02-4B74-9C44-08BA5410A3CB}.PackagingDebug|ARM.ActiveCfg = Debug|Any CPU
		{4F190F30-AD02-4B74-9C44-08BA5410A3CB}.PackagingDebug|ARM.Build.0 = Debug|Any CPU
		{4F190F30-AD02-4B74-9C44-08BA5410A3CB}.PackagingDebug|ARM64.ActiveCfg = Debug|Any CPU
		{4F190F30-AD02-4B74-9C44-08BA5410A3CB}.PackagingDebug|ARM64.Build.0 = Debug|Any CPU
		{4F190F30-AD02-4B74-9C44-08BA5410A3CB}.PackagingDebug|iPhone.ActiveCfg = Debug|Any CPU
		{4F190F30-AD02-4B74-9C44-08BA5410A3CB}.PackagingDebug|iPhone.Build.0 = Debug|Any CPU
		{4F190F30-AD02-4B74-9C44-08BA5410A3CB}.PackagingDebug|iPhoneSimulator.ActiveCfg = Debug|Any CPU
		{4F190F30-AD02-4B74-9C44-08BA5410A3CB}.PackagingDebug|iPhoneSimulator.Build.0 = Debug|Any CPU
		{4F190F30-AD02-4B74-9C44-08BA5410A3CB}.PackagingDebug|x64.ActiveCfg = Debug|Any CPU
		{4F190F30-AD02-4B74-9C44-08BA5410A3CB}.PackagingDebug|x64.Build.0 = Debug|Any CPU
		{4F190F30-AD02-4B74-9C44-08BA5410A3CB}.PackagingDebug|x86.ActiveCfg = Debug|Any CPU
		{4F190F30-AD02-4B74-9C44-08BA5410A3CB}.PackagingDebug|x86.Build.0 = Debug|Any CPU
		{4F190F30-AD02-4B74-9C44-08BA5410A3CB}.Release|Any CPU.ActiveCfg = Release|Any CPU
		{4F190F30-AD02-4B74-9C44-08BA5410A3CB}.Release|Any CPU.Build.0 = Release|Any CPU
		{4F190F30-AD02-4B74-9C44-08BA5410A3CB}.Release|ARM.ActiveCfg = Release|Any CPU
		{4F190F30-AD02-4B74-9C44-08BA5410A3CB}.Release|ARM.Build.0 = Release|Any CPU
		{4F190F30-AD02-4B74-9C44-08BA5410A3CB}.Release|ARM64.ActiveCfg = Release|Any CPU
		{4F190F30-AD02-4B74-9C44-08BA5410A3CB}.Release|ARM64.Build.0 = Release|Any CPU
		{4F190F30-AD02-4B74-9C44-08BA5410A3CB}.Release|iPhone.ActiveCfg = Release|Any CPU
		{4F190F30-AD02-4B74-9C44-08BA5410A3CB}.Release|iPhone.Build.0 = Release|Any CPU
		{4F190F30-AD02-4B74-9C44-08BA5410A3CB}.Release|iPhoneSimulator.ActiveCfg = Release|Any CPU
		{4F190F30-AD02-4B74-9C44-08BA5410A3CB}.Release|iPhoneSimulator.Build.0 = Release|Any CPU
		{4F190F30-AD02-4B74-9C44-08BA5410A3CB}.Release|x64.ActiveCfg = Release|Any CPU
		{4F190F30-AD02-4B74-9C44-08BA5410A3CB}.Release|x64.Build.0 = Release|Any CPU
		{4F190F30-AD02-4B74-9C44-08BA5410A3CB}.Release|x86.ActiveCfg = Release|Any CPU
		{4F190F30-AD02-4B74-9C44-08BA5410A3CB}.Release|x86.Build.0 = Release|Any CPU
		{7917C00D-FA58-4C45-8D8F-671DD2F6D9DB}.Debug|Any CPU.ActiveCfg = Debug|x64
		{7917C00D-FA58-4C45-8D8F-671DD2F6D9DB}.Debug|Any CPU.Build.0 = Debug|x64
		{7917C00D-FA58-4C45-8D8F-671DD2F6D9DB}.Debug|Any CPU.Deploy.0 = Debug|x64
		{7917C00D-FA58-4C45-8D8F-671DD2F6D9DB}.Debug|ARM.ActiveCfg = Debug|ARM
		{7917C00D-FA58-4C45-8D8F-671DD2F6D9DB}.Debug|ARM.Build.0 = Debug|ARM
		{7917C00D-FA58-4C45-8D8F-671DD2F6D9DB}.Debug|ARM.Deploy.0 = Debug|ARM
		{7917C00D-FA58-4C45-8D8F-671DD2F6D9DB}.Debug|ARM64.ActiveCfg = Debug|ARM64
		{7917C00D-FA58-4C45-8D8F-671DD2F6D9DB}.Debug|ARM64.Build.0 = Debug|ARM64
		{7917C00D-FA58-4C45-8D8F-671DD2F6D9DB}.Debug|ARM64.Deploy.0 = Debug|ARM64
		{7917C00D-FA58-4C45-8D8F-671DD2F6D9DB}.Debug|iPhone.ActiveCfg = Debug|x86
		{7917C00D-FA58-4C45-8D8F-671DD2F6D9DB}.Debug|iPhoneSimulator.ActiveCfg = Debug|x64
		{7917C00D-FA58-4C45-8D8F-671DD2F6D9DB}.Debug|x64.ActiveCfg = Debug|x64
		{7917C00D-FA58-4C45-8D8F-671DD2F6D9DB}.Debug|x64.Build.0 = Debug|x64
		{7917C00D-FA58-4C45-8D8F-671DD2F6D9DB}.Debug|x64.Deploy.0 = Debug|x64
		{7917C00D-FA58-4C45-8D8F-671DD2F6D9DB}.Debug|x86.ActiveCfg = Debug|x86
		{7917C00D-FA58-4C45-8D8F-671DD2F6D9DB}.Debug|x86.Build.0 = Debug|x86
		{7917C00D-FA58-4C45-8D8F-671DD2F6D9DB}.Debug|x86.Deploy.0 = Debug|x86
		{7917C00D-FA58-4C45-8D8F-671DD2F6D9DB}.Packaging|Any CPU.ActiveCfg = Release|x64
		{7917C00D-FA58-4C45-8D8F-671DD2F6D9DB}.Packaging|Any CPU.Build.0 = Release|x64
		{7917C00D-FA58-4C45-8D8F-671DD2F6D9DB}.Packaging|Any CPU.Deploy.0 = Release|x64
		{7917C00D-FA58-4C45-8D8F-671DD2F6D9DB}.Packaging|ARM.ActiveCfg = Release|ARM
		{7917C00D-FA58-4C45-8D8F-671DD2F6D9DB}.Packaging|ARM.Build.0 = Release|ARM
		{7917C00D-FA58-4C45-8D8F-671DD2F6D9DB}.Packaging|ARM.Deploy.0 = Release|ARM
		{7917C00D-FA58-4C45-8D8F-671DD2F6D9DB}.Packaging|ARM64.ActiveCfg = Release|ARM64
		{7917C00D-FA58-4C45-8D8F-671DD2F6D9DB}.Packaging|ARM64.Build.0 = Release|ARM64
		{7917C00D-FA58-4C45-8D8F-671DD2F6D9DB}.Packaging|ARM64.Deploy.0 = Release|ARM64
		{7917C00D-FA58-4C45-8D8F-671DD2F6D9DB}.Packaging|iPhone.ActiveCfg = Release|x86
		{7917C00D-FA58-4C45-8D8F-671DD2F6D9DB}.Packaging|iPhone.Build.0 = Release|x86
		{7917C00D-FA58-4C45-8D8F-671DD2F6D9DB}.Packaging|iPhone.Deploy.0 = Release|x86
		{7917C00D-FA58-4C45-8D8F-671DD2F6D9DB}.Packaging|iPhoneSimulator.ActiveCfg = Release|x86
		{7917C00D-FA58-4C45-8D8F-671DD2F6D9DB}.Packaging|iPhoneSimulator.Build.0 = Release|x86
		{7917C00D-FA58-4C45-8D8F-671DD2F6D9DB}.Packaging|iPhoneSimulator.Deploy.0 = Release|x86
		{7917C00D-FA58-4C45-8D8F-671DD2F6D9DB}.Packaging|x64.ActiveCfg = Release|x64
		{7917C00D-FA58-4C45-8D8F-671DD2F6D9DB}.Packaging|x64.Build.0 = Release|x64
		{7917C00D-FA58-4C45-8D8F-671DD2F6D9DB}.Packaging|x64.Deploy.0 = Release|x64
		{7917C00D-FA58-4C45-8D8F-671DD2F6D9DB}.Packaging|x86.ActiveCfg = Release|x86
		{7917C00D-FA58-4C45-8D8F-671DD2F6D9DB}.Packaging|x86.Build.0 = Release|x86
		{7917C00D-FA58-4C45-8D8F-671DD2F6D9DB}.Packaging|x86.Deploy.0 = Release|x86
		{7917C00D-FA58-4C45-8D8F-671DD2F6D9DB}.PackagingDebug|Any CPU.ActiveCfg = Release|x64
		{7917C00D-FA58-4C45-8D8F-671DD2F6D9DB}.PackagingDebug|Any CPU.Build.0 = Release|x64
		{7917C00D-FA58-4C45-8D8F-671DD2F6D9DB}.PackagingDebug|Any CPU.Deploy.0 = Release|x64
		{7917C00D-FA58-4C45-8D8F-671DD2F6D9DB}.PackagingDebug|ARM.ActiveCfg = Debug|ARM
		{7917C00D-FA58-4C45-8D8F-671DD2F6D9DB}.PackagingDebug|ARM.Build.0 = Debug|ARM
		{7917C00D-FA58-4C45-8D8F-671DD2F6D9DB}.PackagingDebug|ARM.Deploy.0 = Debug|ARM
		{7917C00D-FA58-4C45-8D8F-671DD2F6D9DB}.PackagingDebug|ARM64.ActiveCfg = Debug|ARM64
		{7917C00D-FA58-4C45-8D8F-671DD2F6D9DB}.PackagingDebug|ARM64.Build.0 = Debug|ARM64
		{7917C00D-FA58-4C45-8D8F-671DD2F6D9DB}.PackagingDebug|ARM64.Deploy.0 = Debug|ARM64
		{7917C00D-FA58-4C45-8D8F-671DD2F6D9DB}.PackagingDebug|iPhone.ActiveCfg = Release|x86
		{7917C00D-FA58-4C45-8D8F-671DD2F6D9DB}.PackagingDebug|iPhone.Build.0 = Release|x86
		{7917C00D-FA58-4C45-8D8F-671DD2F6D9DB}.PackagingDebug|iPhone.Deploy.0 = Release|x86
		{7917C00D-FA58-4C45-8D8F-671DD2F6D9DB}.PackagingDebug|iPhoneSimulator.ActiveCfg = Release|x86
		{7917C00D-FA58-4C45-8D8F-671DD2F6D9DB}.PackagingDebug|iPhoneSimulator.Build.0 = Release|x86
		{7917C00D-FA58-4C45-8D8F-671DD2F6D9DB}.PackagingDebug|iPhoneSimulator.Deploy.0 = Release|x86
		{7917C00D-FA58-4C45-8D8F-671DD2F6D9DB}.PackagingDebug|x64.ActiveCfg = Debug|x64
		{7917C00D-FA58-4C45-8D8F-671DD2F6D9DB}.PackagingDebug|x64.Build.0 = Debug|x64
		{7917C00D-FA58-4C45-8D8F-671DD2F6D9DB}.PackagingDebug|x64.Deploy.0 = Debug|x64
		{7917C00D-FA58-4C45-8D8F-671DD2F6D9DB}.PackagingDebug|x86.ActiveCfg = Debug|x86
		{7917C00D-FA58-4C45-8D8F-671DD2F6D9DB}.PackagingDebug|x86.Build.0 = Debug|x86
		{7917C00D-FA58-4C45-8D8F-671DD2F6D9DB}.PackagingDebug|x86.Deploy.0 = Debug|x86
		{7917C00D-FA58-4C45-8D8F-671DD2F6D9DB}.Release|Any CPU.ActiveCfg = Release|x86
		{7917C00D-FA58-4C45-8D8F-671DD2F6D9DB}.Release|ARM.ActiveCfg = Release|ARM
		{7917C00D-FA58-4C45-8D8F-671DD2F6D9DB}.Release|ARM.Build.0 = Release|ARM
		{7917C00D-FA58-4C45-8D8F-671DD2F6D9DB}.Release|ARM.Deploy.0 = Release|ARM
		{7917C00D-FA58-4C45-8D8F-671DD2F6D9DB}.Release|ARM64.ActiveCfg = Release|ARM64
		{7917C00D-FA58-4C45-8D8F-671DD2F6D9DB}.Release|ARM64.Build.0 = Release|ARM64
		{7917C00D-FA58-4C45-8D8F-671DD2F6D9DB}.Release|ARM64.Deploy.0 = Release|ARM64
		{7917C00D-FA58-4C45-8D8F-671DD2F6D9DB}.Release|iPhone.ActiveCfg = Release|x86
		{7917C00D-FA58-4C45-8D8F-671DD2F6D9DB}.Release|iPhoneSimulator.ActiveCfg = Release|x86
		{7917C00D-FA58-4C45-8D8F-671DD2F6D9DB}.Release|x64.ActiveCfg = Release|x64
		{7917C00D-FA58-4C45-8D8F-671DD2F6D9DB}.Release|x64.Build.0 = Release|x64
		{7917C00D-FA58-4C45-8D8F-671DD2F6D9DB}.Release|x64.Deploy.0 = Release|x64
		{7917C00D-FA58-4C45-8D8F-671DD2F6D9DB}.Release|x86.ActiveCfg = Release|x86
		{7917C00D-FA58-4C45-8D8F-671DD2F6D9DB}.Release|x86.Build.0 = Release|x86
		{7917C00D-FA58-4C45-8D8F-671DD2F6D9DB}.Release|x86.Deploy.0 = Release|x86
		{3BC0AC7E-3B3B-4D3F-9CC0-B2BDECC460A6}.Debug|Any CPU.ActiveCfg = Debug|Any CPU
		{3BC0AC7E-3B3B-4D3F-9CC0-B2BDECC460A6}.Debug|Any CPU.Build.0 = Debug|Any CPU
		{3BC0AC7E-3B3B-4D3F-9CC0-B2BDECC460A6}.Debug|Any CPU.Deploy.0 = Debug|Any CPU
		{3BC0AC7E-3B3B-4D3F-9CC0-B2BDECC460A6}.Debug|ARM.ActiveCfg = Debug|Any CPU
		{3BC0AC7E-3B3B-4D3F-9CC0-B2BDECC460A6}.Debug|ARM.Build.0 = Debug|Any CPU
		{3BC0AC7E-3B3B-4D3F-9CC0-B2BDECC460A6}.Debug|ARM.Deploy.0 = Debug|Any CPU
		{3BC0AC7E-3B3B-4D3F-9CC0-B2BDECC460A6}.Debug|ARM64.ActiveCfg = Debug|Any CPU
		{3BC0AC7E-3B3B-4D3F-9CC0-B2BDECC460A6}.Debug|ARM64.Build.0 = Debug|Any CPU
		{3BC0AC7E-3B3B-4D3F-9CC0-B2BDECC460A6}.Debug|ARM64.Deploy.0 = Debug|Any CPU
		{3BC0AC7E-3B3B-4D3F-9CC0-B2BDECC460A6}.Debug|iPhone.ActiveCfg = Debug|Any CPU
		{3BC0AC7E-3B3B-4D3F-9CC0-B2BDECC460A6}.Debug|iPhone.Build.0 = Debug|Any CPU
		{3BC0AC7E-3B3B-4D3F-9CC0-B2BDECC460A6}.Debug|iPhone.Deploy.0 = Debug|Any CPU
		{3BC0AC7E-3B3B-4D3F-9CC0-B2BDECC460A6}.Debug|iPhoneSimulator.ActiveCfg = Debug|Any CPU
		{3BC0AC7E-3B3B-4D3F-9CC0-B2BDECC460A6}.Debug|iPhoneSimulator.Build.0 = Debug|Any CPU
		{3BC0AC7E-3B3B-4D3F-9CC0-B2BDECC460A6}.Debug|iPhoneSimulator.Deploy.0 = Debug|Any CPU
		{3BC0AC7E-3B3B-4D3F-9CC0-B2BDECC460A6}.Debug|x64.ActiveCfg = Debug|Any CPU
		{3BC0AC7E-3B3B-4D3F-9CC0-B2BDECC460A6}.Debug|x64.Build.0 = Debug|Any CPU
		{3BC0AC7E-3B3B-4D3F-9CC0-B2BDECC460A6}.Debug|x64.Deploy.0 = Debug|Any CPU
		{3BC0AC7E-3B3B-4D3F-9CC0-B2BDECC460A6}.Debug|x86.ActiveCfg = Debug|Any CPU
		{3BC0AC7E-3B3B-4D3F-9CC0-B2BDECC460A6}.Debug|x86.Build.0 = Debug|Any CPU
		{3BC0AC7E-3B3B-4D3F-9CC0-B2BDECC460A6}.Debug|x86.Deploy.0 = Debug|Any CPU
		{3BC0AC7E-3B3B-4D3F-9CC0-B2BDECC460A6}.Packaging|Any CPU.ActiveCfg = Release|Any CPU
		{3BC0AC7E-3B3B-4D3F-9CC0-B2BDECC460A6}.Packaging|Any CPU.Build.0 = Release|Any CPU
		{3BC0AC7E-3B3B-4D3F-9CC0-B2BDECC460A6}.Packaging|Any CPU.Deploy.0 = Release|Any CPU
		{3BC0AC7E-3B3B-4D3F-9CC0-B2BDECC460A6}.Packaging|ARM.ActiveCfg = Release|Any CPU
		{3BC0AC7E-3B3B-4D3F-9CC0-B2BDECC460A6}.Packaging|ARM.Build.0 = Release|Any CPU
		{3BC0AC7E-3B3B-4D3F-9CC0-B2BDECC460A6}.Packaging|ARM.Deploy.0 = Release|Any CPU
		{3BC0AC7E-3B3B-4D3F-9CC0-B2BDECC460A6}.Packaging|ARM64.ActiveCfg = Release|Any CPU
		{3BC0AC7E-3B3B-4D3F-9CC0-B2BDECC460A6}.Packaging|ARM64.Build.0 = Release|Any CPU
		{3BC0AC7E-3B3B-4D3F-9CC0-B2BDECC460A6}.Packaging|ARM64.Deploy.0 = Release|Any CPU
		{3BC0AC7E-3B3B-4D3F-9CC0-B2BDECC460A6}.Packaging|iPhone.ActiveCfg = Release|Any CPU
		{3BC0AC7E-3B3B-4D3F-9CC0-B2BDECC460A6}.Packaging|iPhone.Build.0 = Release|Any CPU
		{3BC0AC7E-3B3B-4D3F-9CC0-B2BDECC460A6}.Packaging|iPhone.Deploy.0 = Release|Any CPU
		{3BC0AC7E-3B3B-4D3F-9CC0-B2BDECC460A6}.Packaging|iPhoneSimulator.ActiveCfg = Release|Any CPU
		{3BC0AC7E-3B3B-4D3F-9CC0-B2BDECC460A6}.Packaging|iPhoneSimulator.Build.0 = Release|Any CPU
		{3BC0AC7E-3B3B-4D3F-9CC0-B2BDECC460A6}.Packaging|iPhoneSimulator.Deploy.0 = Release|Any CPU
		{3BC0AC7E-3B3B-4D3F-9CC0-B2BDECC460A6}.Packaging|x64.ActiveCfg = Release|Any CPU
		{3BC0AC7E-3B3B-4D3F-9CC0-B2BDECC460A6}.Packaging|x64.Build.0 = Release|Any CPU
		{3BC0AC7E-3B3B-4D3F-9CC0-B2BDECC460A6}.Packaging|x64.Deploy.0 = Release|Any CPU
		{3BC0AC7E-3B3B-4D3F-9CC0-B2BDECC460A6}.Packaging|x86.ActiveCfg = Release|Any CPU
		{3BC0AC7E-3B3B-4D3F-9CC0-B2BDECC460A6}.Packaging|x86.Build.0 = Release|Any CPU
		{3BC0AC7E-3B3B-4D3F-9CC0-B2BDECC460A6}.Packaging|x86.Deploy.0 = Release|Any CPU
		{3BC0AC7E-3B3B-4D3F-9CC0-B2BDECC460A6}.PackagingDebug|Any CPU.ActiveCfg = Debug|Any CPU
		{3BC0AC7E-3B3B-4D3F-9CC0-B2BDECC460A6}.PackagingDebug|Any CPU.Build.0 = Debug|Any CPU
		{3BC0AC7E-3B3B-4D3F-9CC0-B2BDECC460A6}.PackagingDebug|Any CPU.Deploy.0 = Debug|Any CPU
		{3BC0AC7E-3B3B-4D3F-9CC0-B2BDECC460A6}.PackagingDebug|ARM.ActiveCfg = Debug|Any CPU
		{3BC0AC7E-3B3B-4D3F-9CC0-B2BDECC460A6}.PackagingDebug|ARM.Build.0 = Debug|Any CPU
		{3BC0AC7E-3B3B-4D3F-9CC0-B2BDECC460A6}.PackagingDebug|ARM.Deploy.0 = Debug|Any CPU
		{3BC0AC7E-3B3B-4D3F-9CC0-B2BDECC460A6}.PackagingDebug|ARM64.ActiveCfg = Debug|Any CPU
		{3BC0AC7E-3B3B-4D3F-9CC0-B2BDECC460A6}.PackagingDebug|ARM64.Build.0 = Debug|Any CPU
		{3BC0AC7E-3B3B-4D3F-9CC0-B2BDECC460A6}.PackagingDebug|ARM64.Deploy.0 = Debug|Any CPU
		{3BC0AC7E-3B3B-4D3F-9CC0-B2BDECC460A6}.PackagingDebug|iPhone.ActiveCfg = Debug|Any CPU
		{3BC0AC7E-3B3B-4D3F-9CC0-B2BDECC460A6}.PackagingDebug|iPhone.Build.0 = Debug|Any CPU
		{3BC0AC7E-3B3B-4D3F-9CC0-B2BDECC460A6}.PackagingDebug|iPhone.Deploy.0 = Debug|Any CPU
		{3BC0AC7E-3B3B-4D3F-9CC0-B2BDECC460A6}.PackagingDebug|iPhoneSimulator.ActiveCfg = Debug|Any CPU
		{3BC0AC7E-3B3B-4D3F-9CC0-B2BDECC460A6}.PackagingDebug|iPhoneSimulator.Build.0 = Debug|Any CPU
		{3BC0AC7E-3B3B-4D3F-9CC0-B2BDECC460A6}.PackagingDebug|iPhoneSimulator.Deploy.0 = Debug|Any CPU
		{3BC0AC7E-3B3B-4D3F-9CC0-B2BDECC460A6}.PackagingDebug|x64.ActiveCfg = Debug|Any CPU
		{3BC0AC7E-3B3B-4D3F-9CC0-B2BDECC460A6}.PackagingDebug|x64.Build.0 = Debug|Any CPU
		{3BC0AC7E-3B3B-4D3F-9CC0-B2BDECC460A6}.PackagingDebug|x64.Deploy.0 = Debug|Any CPU
		{3BC0AC7E-3B3B-4D3F-9CC0-B2BDECC460A6}.PackagingDebug|x86.ActiveCfg = Debug|Any CPU
		{3BC0AC7E-3B3B-4D3F-9CC0-B2BDECC460A6}.PackagingDebug|x86.Build.0 = Debug|Any CPU
		{3BC0AC7E-3B3B-4D3F-9CC0-B2BDECC460A6}.PackagingDebug|x86.Deploy.0 = Debug|Any CPU
		{3BC0AC7E-3B3B-4D3F-9CC0-B2BDECC460A6}.Release|Any CPU.ActiveCfg = Release|Any CPU
		{3BC0AC7E-3B3B-4D3F-9CC0-B2BDECC460A6}.Release|Any CPU.Build.0 = Release|Any CPU
		{3BC0AC7E-3B3B-4D3F-9CC0-B2BDECC460A6}.Release|Any CPU.Deploy.0 = Release|Any CPU
		{3BC0AC7E-3B3B-4D3F-9CC0-B2BDECC460A6}.Release|ARM.ActiveCfg = Release|Any CPU
		{3BC0AC7E-3B3B-4D3F-9CC0-B2BDECC460A6}.Release|ARM.Build.0 = Release|Any CPU
		{3BC0AC7E-3B3B-4D3F-9CC0-B2BDECC460A6}.Release|ARM.Deploy.0 = Release|Any CPU
		{3BC0AC7E-3B3B-4D3F-9CC0-B2BDECC460A6}.Release|ARM64.ActiveCfg = Release|Any CPU
		{3BC0AC7E-3B3B-4D3F-9CC0-B2BDECC460A6}.Release|ARM64.Build.0 = Release|Any CPU
		{3BC0AC7E-3B3B-4D3F-9CC0-B2BDECC460A6}.Release|ARM64.Deploy.0 = Release|Any CPU
		{3BC0AC7E-3B3B-4D3F-9CC0-B2BDECC460A6}.Release|iPhone.ActiveCfg = Release|Any CPU
		{3BC0AC7E-3B3B-4D3F-9CC0-B2BDECC460A6}.Release|iPhone.Build.0 = Release|Any CPU
		{3BC0AC7E-3B3B-4D3F-9CC0-B2BDECC460A6}.Release|iPhone.Deploy.0 = Release|Any CPU
		{3BC0AC7E-3B3B-4D3F-9CC0-B2BDECC460A6}.Release|iPhoneSimulator.ActiveCfg = Release|Any CPU
		{3BC0AC7E-3B3B-4D3F-9CC0-B2BDECC460A6}.Release|iPhoneSimulator.Build.0 = Release|Any CPU
		{3BC0AC7E-3B3B-4D3F-9CC0-B2BDECC460A6}.Release|iPhoneSimulator.Deploy.0 = Release|Any CPU
		{3BC0AC7E-3B3B-4D3F-9CC0-B2BDECC460A6}.Release|x64.ActiveCfg = Release|Any CPU
		{3BC0AC7E-3B3B-4D3F-9CC0-B2BDECC460A6}.Release|x64.Build.0 = Release|Any CPU
		{3BC0AC7E-3B3B-4D3F-9CC0-B2BDECC460A6}.Release|x64.Deploy.0 = Release|Any CPU
		{3BC0AC7E-3B3B-4D3F-9CC0-B2BDECC460A6}.Release|x86.ActiveCfg = Release|Any CPU
		{3BC0AC7E-3B3B-4D3F-9CC0-B2BDECC460A6}.Release|x86.Build.0 = Release|Any CPU
		{3BC0AC7E-3B3B-4D3F-9CC0-B2BDECC460A6}.Release|x86.Deploy.0 = Release|Any CPU
		{101E3060-8799-4119-8A7A-4F86A01C0C84}.Debug|Any CPU.ActiveCfg = Debug|iPhone
		{101E3060-8799-4119-8A7A-4F86A01C0C84}.Debug|ARM.ActiveCfg = Debug|iPhone
		{101E3060-8799-4119-8A7A-4F86A01C0C84}.Debug|ARM64.ActiveCfg = Debug|iPhone
		{101E3060-8799-4119-8A7A-4F86A01C0C84}.Debug|iPhone.ActiveCfg = Debug|iPhone
		{101E3060-8799-4119-8A7A-4F86A01C0C84}.Debug|iPhone.Build.0 = Debug|iPhone
		{101E3060-8799-4119-8A7A-4F86A01C0C84}.Debug|iPhoneSimulator.ActiveCfg = Debug|iPhoneSimulator
		{101E3060-8799-4119-8A7A-4F86A01C0C84}.Debug|iPhoneSimulator.Build.0 = Debug|iPhoneSimulator
		{101E3060-8799-4119-8A7A-4F86A01C0C84}.Debug|x64.ActiveCfg = Debug|iPhone
		{101E3060-8799-4119-8A7A-4F86A01C0C84}.Debug|x86.ActiveCfg = Debug|iPhone
		{101E3060-8799-4119-8A7A-4F86A01C0C84}.Packaging|Any CPU.ActiveCfg = Release|iPhone
		{101E3060-8799-4119-8A7A-4F86A01C0C84}.Packaging|Any CPU.Build.0 = Release|iPhone
		{101E3060-8799-4119-8A7A-4F86A01C0C84}.Packaging|ARM.ActiveCfg = Release|iPhone
		{101E3060-8799-4119-8A7A-4F86A01C0C84}.Packaging|ARM.Build.0 = Release|iPhone
		{101E3060-8799-4119-8A7A-4F86A01C0C84}.Packaging|ARM64.ActiveCfg = Release|iPhone
		{101E3060-8799-4119-8A7A-4F86A01C0C84}.Packaging|ARM64.Build.0 = Release|iPhone
		{101E3060-8799-4119-8A7A-4F86A01C0C84}.Packaging|iPhone.ActiveCfg = Release|iPhone
		{101E3060-8799-4119-8A7A-4F86A01C0C84}.Packaging|iPhone.Build.0 = Release|iPhone
		{101E3060-8799-4119-8A7A-4F86A01C0C84}.Packaging|iPhoneSimulator.ActiveCfg = Release|iPhoneSimulator
		{101E3060-8799-4119-8A7A-4F86A01C0C84}.Packaging|iPhoneSimulator.Build.0 = Release|iPhoneSimulator
		{101E3060-8799-4119-8A7A-4F86A01C0C84}.Packaging|x64.ActiveCfg = Release|iPhone
		{101E3060-8799-4119-8A7A-4F86A01C0C84}.Packaging|x64.Build.0 = Release|iPhone
		{101E3060-8799-4119-8A7A-4F86A01C0C84}.Packaging|x86.ActiveCfg = Release|iPhone
		{101E3060-8799-4119-8A7A-4F86A01C0C84}.Packaging|x86.Build.0 = Release|iPhone
		{101E3060-8799-4119-8A7A-4F86A01C0C84}.PackagingDebug|Any CPU.ActiveCfg = Release|iPhone
		{101E3060-8799-4119-8A7A-4F86A01C0C84}.PackagingDebug|Any CPU.Build.0 = Release|iPhone
		{101E3060-8799-4119-8A7A-4F86A01C0C84}.PackagingDebug|ARM.ActiveCfg = Release|iPhone
		{101E3060-8799-4119-8A7A-4F86A01C0C84}.PackagingDebug|ARM.Build.0 = Release|iPhone
		{101E3060-8799-4119-8A7A-4F86A01C0C84}.PackagingDebug|ARM64.ActiveCfg = Release|iPhone
		{101E3060-8799-4119-8A7A-4F86A01C0C84}.PackagingDebug|ARM64.Build.0 = Release|iPhone
		{101E3060-8799-4119-8A7A-4F86A01C0C84}.PackagingDebug|iPhone.ActiveCfg = Debug|iPhone
		{101E3060-8799-4119-8A7A-4F86A01C0C84}.PackagingDebug|iPhone.Build.0 = Debug|iPhone
		{101E3060-8799-4119-8A7A-4F86A01C0C84}.PackagingDebug|iPhoneSimulator.ActiveCfg = Debug|iPhoneSimulator
		{101E3060-8799-4119-8A7A-4F86A01C0C84}.PackagingDebug|iPhoneSimulator.Build.0 = Debug|iPhoneSimulator
		{101E3060-8799-4119-8A7A-4F86A01C0C84}.PackagingDebug|x64.ActiveCfg = Release|iPhone
		{101E3060-8799-4119-8A7A-4F86A01C0C84}.PackagingDebug|x64.Build.0 = Release|iPhone
		{101E3060-8799-4119-8A7A-4F86A01C0C84}.PackagingDebug|x86.ActiveCfg = Release|iPhone
		{101E3060-8799-4119-8A7A-4F86A01C0C84}.PackagingDebug|x86.Build.0 = Release|iPhone
		{101E3060-8799-4119-8A7A-4F86A01C0C84}.Release|Any CPU.ActiveCfg = Release|iPhone
		{101E3060-8799-4119-8A7A-4F86A01C0C84}.Release|ARM.ActiveCfg = Release|iPhone
		{101E3060-8799-4119-8A7A-4F86A01C0C84}.Release|ARM64.ActiveCfg = Release|iPhone
		{101E3060-8799-4119-8A7A-4F86A01C0C84}.Release|iPhone.ActiveCfg = Release|iPhone
		{101E3060-8799-4119-8A7A-4F86A01C0C84}.Release|iPhone.Build.0 = Release|iPhone
		{101E3060-8799-4119-8A7A-4F86A01C0C84}.Release|iPhoneSimulator.ActiveCfg = Release|iPhoneSimulator
		{101E3060-8799-4119-8A7A-4F86A01C0C84}.Release|iPhoneSimulator.Build.0 = Release|iPhoneSimulator
		{101E3060-8799-4119-8A7A-4F86A01C0C84}.Release|x64.ActiveCfg = Release|iPhone
		{101E3060-8799-4119-8A7A-4F86A01C0C84}.Release|x86.ActiveCfg = Release|iPhone
	EndGlobalSection
	GlobalSection(SolutionProperties) = preSolution
		HideSolutionNode = FALSE
	EndGlobalSection
	GlobalSection(ExtensibilityGlobals) = postSolution
		SolutionGuid = {1B96EAAF-AEBE-4B7C-B03E-DD3216CAEF52}
	EndGlobalSection
EndGlobal
